// !$*UTF8*$!
{
	archiveVersion = 1;
	classes = {
	};
	objectVersion = 50;
	objects = {

/* Begin PBXBuildFile section */
		B035134C2138231E0062BEA9 /* AppDelegate.swift in Sources */ = {isa = PBXBuildFile; fileRef = B035134B2138231E0062BEA9 /* AppDelegate.swift */; };
		B035134E2138231E0062BEA9 /* ViewController.swift in Sources */ = {isa = PBXBuildFile; fileRef = B035134D2138231E0062BEA9 /* ViewController.swift */; };
		B03513512138231E0062BEA9 /* Main.storyboard in Resources */ = {isa = PBXBuildFile; fileRef = B035134F2138231E0062BEA9 /* Main.storyboard */; };
		B0351353213823210062BEA9 /* Assets.xcassets in Resources */ = {isa = PBXBuildFile; fileRef = B0351352213823210062BEA9 /* Assets.xcassets */; };
		B0351356213823210062BEA9 /* LaunchScreen.storyboard in Resources */ = {isa = PBXBuildFile; fileRef = B0351354213823210062BEA9 /* LaunchScreen.storyboard */; };
		B035135E213863600062BEA9 /* SettingsViewController.swift in Sources */ = {isa = PBXBuildFile; fileRef = B035135D213863600062BEA9 /* SettingsViewController.swift */; };
		B0351360213865B50062BEA9 /* Pencil.swift in Sources */ = {isa = PBXBuildFile; fileRef = B035135F213865B50062BEA9 /* Pencil.swift */; };
/* End PBXBuildFile section */

/* Begin PBXFileReference section */
		B03513482138231E0062BEA9 /* Drawing app.app */ = {isa = PBXFileReference; explicitFileType = wrapper.application; includeInIndex = 0; path = "Drawing app.app"; sourceTree = BUILT_PRODUCTS_DIR; };
		B035134B2138231E0062BEA9 /* AppDelegate.swift */ = {isa = PBXFileReference; lastKnownFileType = sourcecode.swift; path = AppDelegate.swift; sourceTree = "<group>"; };
		B035134D2138231E0062BEA9 /* ViewController.swift */ = {isa = PBXFileReference; lastKnownFileType = sourcecode.swift; path = ViewController.swift; sourceTree = "<group>"; };
		B03513502138231E0062BEA9 /* Base */ = {isa = PBXFileReference; lastKnownFileType = file.storyboard; name = Base; path = Base.lproj/Main.storyboard; sourceTree = "<group>"; };
		B0351352213823210062BEA9 /* Assets.xcassets */ = {isa = PBXFileReference; lastKnownFileType = folder.assetcatalog; path = Assets.xcassets; sourceTree = "<group>"; };
		B0351355213823210062BEA9 /* Base */ = {isa = PBXFileReference; lastKnownFileType = file.storyboard; name = Base; path = Base.lproj/LaunchScreen.storyboard; sourceTree = "<group>"; };
		B0351357213823210062BEA9 /* Info.plist */ = {isa = PBXFileReference; lastKnownFileType = text.plist.xml; path = Info.plist; sourceTree = "<group>"; };
		B035135D213863600062BEA9 /* SettingsViewController.swift */ = {isa = PBXFileReference; lastKnownFileType = sourcecode.swift; path = SettingsViewController.swift; sourceTree = "<group>"; };
		B035135F213865B50062BEA9 /* Pencil.swift */ = {isa = PBXFileReference; lastKnownFileType = sourcecode.swift; path = Pencil.swift; sourceTree = "<group>"; };
/* End PBXFileReference section */

/* Begin PBXFrameworksBuildPhase section */
		B03513452138231E0062BEA9 /* Frameworks */ = {
			isa = PBXFrameworksBuildPhase;
			buildActionMask = 2147483647;
			files = (
			);
			runOnlyForDeploymentPostprocessing = 0;
		};
/* End PBXFrameworksBuildPhase section */

/* Begin PBXGroup section */
		B035133F2138231E0062BEA9 = {
			isa = PBXGroup;
			children = (
				B035134A2138231E0062BEA9 /* Drawing app */,
				B03513492138231E0062BEA9 /* Products */,
			);
			sourceTree = "<group>";
		};
		B03513492138231E0062BEA9 /* Products */ = {
			isa = PBXGroup;
			children = (
				B03513482138231E0062BEA9 /* Drawing app.app */,
			);
			name = Products;
			sourceTree = "<group>";
		};
		B035134A2138231E0062BEA9 /* Drawing app */ = {
			isa = PBXGroup;
			children = (
				B035134B2138231E0062BEA9 /* AppDelegate.swift */,
				B035134D2138231E0062BEA9 /* ViewController.swift */,
				B035134F2138231E0062BEA9 /* Main.storyboard */,
				B035135F213865B50062BEA9 /* Pencil.swift */,
				B035135D213863600062BEA9 /* SettingsViewController.swift */,
				B0351352213823210062BEA9 /* Assets.xcassets */,
				B0351354213823210062BEA9 /* LaunchScreen.storyboard */,
				B0351357213823210062BEA9 /* Info.plist */,
			);
			path = "Drawing app";
			sourceTree = "<group>";
		};
/* End PBXGroup section */

/* Begin PBXNativeTarget section */
		B03513472138231E0062BEA9 /* Drawing app */ = {
			isa = PBXNativeTarget;
			buildConfigurationList = B035135A213823210062BEA9 /* Build configuration list for PBXNativeTarget "Drawing app" */;
			buildPhases = (
				B03513442138231E0062BEA9 /* Sources */,
				B03513452138231E0062BEA9 /* Frameworks */,
				B03513462138231E0062BEA9 /* Resources */,
			);
			buildRules = (
			);
			dependencies = (
			);
			name = "Drawing app";
			productName = "Drawing app";
			productReference = B03513482138231E0062BEA9 /* Drawing app.app */;
			productType = "com.apple.product-type.application";
		};
/* End PBXNativeTarget section */

/* Begin PBXProject section */
		B03513402138231E0062BEA9 /* Project object */ = {
			isa = PBXProject;
			attributes = {
				LastSwiftUpdateCheck = 0940;
				LastUpgradeCheck = 0940;
				ORGANIZATIONNAME = "Gouthami Reddy";
				TargetAttributes = {
					B03513472138231E0062BEA9 = {
						CreatedOnToolsVersion = 9.4.1;
					};
				};
			};
			buildConfigurationList = B03513432138231E0062BEA9 /* Build configuration list for PBXProject "Drawing app" */;
			compatibilityVersion = "Xcode 9.3";
			developmentRegion = en;
			hasScannedForEncodings = 0;
			knownRegions = (
				en,
				Base,
			);
			mainGroup = B035133F2138231E0062BEA9;
			productRefGroup = B03513492138231E0062BEA9 /* Products */;
			projectDirPath = "";
			projectRoot = "";
			targets = (
				B03513472138231E0062BEA9 /* Drawing app */,
			);
		};
/* End PBXProject section */

/* Begin PBXResourcesBuildPhase section */
		B03513462138231E0062BEA9 /* Resources */ = {
			isa = PBXResourcesBuildPhase;
			buildActionMask = 2147483647;
			files = (
				B0351356213823210062BEA9 /* LaunchScreen.storyboard in Resources */,
				B0351353213823210062BEA9 /* Assets.xcassets in Resources */,
				B03513512138231E0062BEA9 /* Main.storyboard in Resources */,
			);
			runOnlyForDeploymentPostprocessing = 0;
		};
/* End PBXResourcesBuildPhase section */

/* Begin PBXSourcesBuildPhase section */
		B03513442138231E0062BEA9 /* Sources */ = {
			isa = PBXSourcesBuildPhase;
			buildActionMask = 2147483647;
			files = (
				B035134E2138231E0062BEA9 /* ViewController.swift in Sources */,
				B035134C2138231E0062BEA9 /* AppDelegate.swift in Sources */,
				B0351360213865B50062BEA9 /* Pencil.swift in Sources */,
				B035135E213863600062BEA9 /* SettingsViewController.swift in Sources */,
			);
			runOnlyForDeploymentPostprocessing = 0;
		};
/* End PBXSourcesBuildPhase section */

/* Begin PBXVariantGroup section */
		B035134F2138231E0062BEA9 /* Main.storyboard */ = {
			isa = PBXVariantGroup;
			children = (
				B03513502138231E0062BEA9 /* Base */,
			);
			name = Main.storyboard;
			sourceTree = "<group>";
		};
		B0351354213823210062BEA9 /* LaunchScreen.storyboard */ = {
			isa = PBXVariantGroup;
			children = (
				B0351355213823210062BEA9 /* Base */,
			);
			name = LaunchScreen.storyboard;
			sourceTree = "<group>";
		};
/* End PBXVariantGroup section */

/* Begin XCBuildConfiguration section */
		B0351358213823210062BEA9 /* Debug */ = {
			isa = XCBuildConfiguration;
			buildSettings = {
				ALWAYS_SEARCH_USER_PATHS = NO;
				CLANG_ANALYZER_NONNULL = YES;
				CLANG_ANALYZER_NUMBER_OBJECT_CONVERSION = YES_AGGRESSIVE;
				CLANG_CXX_LANGUAGE_STANDARD = "gnu++14";
				CLANG_CXX_LIBRARY = "libc++";
				CLANG_ENABLE_MODULES = YES;
				CLANG_ENABLE_OBJC_ARC = YES;
				CLANG_ENABLE_OBJC_WEAK = YES;
				CLANG_WARN_BLOCK_CAPTURE_AUTORELEASING = YES;
				CLANG_WARN_BOOL_CONVERSION = YES;
				CLANG_WARN_COMMA = YES;
				CLANG_WARN_CONSTANT_CONVERSION = YES;
				CLANG_WARN_DEPRECATED_OBJC_IMPLEMENTATIONS = YES;
				CLANG_WARN_DIRECT_OBJC_ISA_USAGE = YES_ERROR;
				CLANG_WARN_DOCUMENTATION_COMMENTS = YES;
				CLANG_WARN_EMPTY_BODY = YES;
				CLANG_WARN_ENUM_CONVERSION = YES;
				CLANG_WARN_INFINITE_RECURSION = YES;
				CLANG_WARN_INT_CONVERSION = YES;
				CLANG_WARN_NON_LITERAL_NULL_CONVERSION = YES;
				CLANG_WARN_OBJC_IMPLICIT_RETAIN_SELF = YES;
				CLANG_WARN_OBJC_LITERAL_CONVERSION = YES;
				CLANG_WARN_OBJC_ROOT_CLASS = YES_ERROR;
				CLANG_WARN_RANGE_LOOP_ANALYSIS = YES;
				CLANG_WARN_STRICT_PROTOTYPES = YES;
				CLANG_WARN_SUSPICIOUS_MOVE = YES;
				CLANG_WARN_UNGUARDED_AVAILABILITY = YES_AGGRESSIVE;
				CLANG_WARN_UNREACHABLE_CODE = YES;
				CLANG_WARN__DUPLICATE_METHOD_MATCH = YES;
				CODE_SIGN_IDENTITY = "iPhone Developer";
				COPY_PHASE_STRIP = NO;
				DEBUG_INFORMATION_FORMAT = dwarf;
				ENABLE_STRICT_OBJC_MSGSEND = YES;
				ENABLE_TESTABILITY = YES;
				GCC_C_LANGUAGE_STANDARD = gnu11;
				GCC_DYNAMIC_NO_PIC = NO;
				GCC_NO_COMMON_BLOCKS = YES;
				GCC_OPTIMIZATION_LEVEL = 0;
				GCC_PREPROCESSOR_DEFINITIONS = (
					"DEBUG=1",
					"$(inherited)",
				);
				GCC_WARN_64_TO_32_BIT_CONVERSION = YES;
				GCC_WARN_ABOUT_RETURN_TYPE = YES_ERROR;
				GCC_WARN_UNDECLARED_SELECTOR = YES;
				GCC_WARN_UNINITIALIZED_AUTOS = YES_AGGRESSIVE;
				GCC_WARN_UNUSED_FUNCTION = YES;
				GCC_WARN_UNUSED_VARIABLE = YES;
				IPHONEOS_DEPLOYMENT_TARGET = 11.4;
				MTL_ENABLE_DEBUG_INFO = YES;
				ONLY_ACTIVE_ARCH = YES;
				SDKROOT = iphoneos;
				SWIFT_ACTIVE_COMPILATION_CONDITIONS = DEBUG;
				SWIFT_OPTIMIZATION_LEVEL = "-Onone";
			};
			name = Debug;
		};
		B0351359213823210062BEA9 /* Release */ = {
			isa = XCBuildConfiguration;
			buildSettings = {
				ALWAYS_SEARCH_USER_PATHS = NO;
				CLANG_ANALYZER_NONNULL = YES;
				CLANG_ANALYZER_NUMBER_OBJECT_CONVERSION = YES_AGGRESSIVE;
				CLANG_CXX_LANGUAGE_STANDARD = "gnu++14";
				CLANG_CXX_LIBRARY = "libc++";
				CLANG_ENABLE_MODULES = YES;
				CLANG_ENABLE_OBJC_ARC = YES;
				CLANG_ENABLE_OBJC_WEAK = YES;
				CLANG_WARN_BLOCK_CAPTURE_AUTORELEASING = YES;
				CLANG_WARN_BOOL_CONVERSION = YES;
				CLANG_WARN_COMMA = YES;
				CLANG_WARN_CONSTANT_CONVERSION = YES;
				CLANG_WARN_DEPRECATED_OBJC_IMPLEMENTATIONS = YES;
				CLANG_WARN_DIRECT_OBJC_ISA_USAGE = YES_ERROR;
				CLANG_WARN_DOCUMENTATION_COMMENTS = YES;
				CLANG_WARN_EMPTY_BODY = YES;
				CLANG_WARN_ENUM_CONVERSION = YES;
				CLANG_WARN_INFINITE_RECURSION = YES;
				CLANG_WARN_INT_CONVERSION = YES;
				CLANG_WARN_NON_LITERAL_NULL_CONVERSION = YES;
				CLANG_WARN_OBJC_IMPLICIT_RETAIN_SELF = YES;
				CLANG_WARN_OBJC_LITERAL_CONVERSION = YES;
				CLANG_WARN_OBJC_ROOT_CLASS = YES_ERROR;
				CLANG_WARN_RANGE_LOOP_ANALYSIS = YES;
				CLANG_WARN_STRICT_PROTOTYPES = YES;
				CLANG_WARN_SUSPICIOUS_MOVE = YES;
				CLANG_WARN_UNGUARDED_AVAILABILITY = YES_AGGRESSIVE;
				CLANG_WARN_UNREACHABLE_CODE = YES;
				CLANG_WARN__DUPLICATE_METHOD_MATCH = YES;
				CODE_SIGN_IDENTITY = "iPhone Developer";
				COPY_PHASE_STRIP = NO;
				DEBUG_INFORMATION_FORMAT = "dwarf-with-dsym";
				ENABLE_NS_ASSERTIONS = NO;
				ENABLE_STRICT_OBJC_MSGSEND = YES;
				GCC_C_LANGUAGE_STANDARD = gnu11;
				GCC_NO_COMMON_BLOCKS = YES;
				GCC_WARN_64_TO_32_BIT_CONVERSION = YES;
				GCC_WARN_ABOUT_RETURN_TYPE = YES_ERROR;
				GCC_WARN_UNDECLARED_SELECTOR = YES;
				GCC_WARN_UNINITIALIZED_AUTOS = YES_AGGRESSIVE;
				GCC_WARN_UNUSED_FUNCTION = YES;
				GCC_WARN_UNUSED_VARIABLE = YES;
				IPHONEOS_DEPLOYMENT_TARGET = 11.4;
				MTL_ENABLE_DEBUG_INFO = NO;
				SDKROOT = iphoneos;
				SWIFT_COMPILATION_MODE = wholemodule;
				SWIFT_OPTIMIZATION_LEVEL = "-O";
				VALIDATE_PRODUCT = YES;
			};
			name = Release;
		};
		B035135B213823210062BEA9 /* Debug */ = {
			isa = XCBuildConfiguration;
			buildSettings = {
				ASSETCATALOG_COMPILER_APPICON_NAME = AppIcon;
				CODE_SIGN_STYLE = Automatic;
				DEVELOPMENT_TEAM = DD3XDB6L75;
				INFOPLIST_FILE = "Drawing app/Info.plist";
				LD_RUNPATH_SEARCH_PATHS = (
					"$(inherited)",
					"@executable_path/Frameworks",
				);
				PRODUCT_BUNDLE_IDENTIFIER = "com.gouthami.Drawing-app";
				PRODUCT_NAME = "$(TARGET_NAME)";
				SWIFT_VERSION = 4.0;
				TARGETED_DEVICE_FAMILY = "1,2";
			};
			name = Debug;
		};
		B035135C213823210062BEA9 /* Release */ = {
			isa = XCBuildConfiguration;
			buildSettings = {
				ASSETCATALOG_COMPILER_APPICON_NAME = AppIcon;
				CODE_SIGN_STYLE = Automatic;
				DEVELOPMENT_TEAM = DD3XDB6L75;
				INFOPLIST_FILE = "Drawing app/Info.plist";
				LD_RUNPATH_SEARCH_PATHS = (
					"$(inherited)",
					"@executable_path/Frameworks",
				);
				PRODUCT_BUNDLE_IDENTIFIER = "com.gouthami.Drawing-app";
				PRODUCT_NAME = "$(TARGET_NAME)";
				SWIFT_VERSION = 4.0;
				TARGETED_DEVICE_FAMILY = "1,2";
			};
			name = Release;
		};
/* End XCBuildConfiguration section */

/* Begin XCConfigurationList section */
		B03513432138231E0062BEA9 /* Build configuration list for PBXProject "Drawing app" */ = {
			isa = XCConfigurationList;
			buildConfigurations = (
				B0351358213823210062BEA9 /* Debug */,
				B0351359213823210062BEA9 /* Release */,
			);
			defaultConfigurationIsVisible = 0;
			defaultConfigurationName = Release;
		};
		B035135A213823210062BEA9 /* Build configuration list for PBXNativeTarget "Drawing app" */ = {
			isa = XCConfigurationList;
			buildConfigurations = (
				B035135B213823210062BEA9 /* Debug */,
				B035135C213823210062BEA9 /* Release */,
			);
			defaultConfigurationIsVisible = 0;
			defaultConfigurationName = Release;
		};
/* End XCConfigurationList section */
	};
	rootObject = B03513402138231E0062BEA9 /* Project object */;
}
